// !$*UTF8*$!
{
	archiveVersion = 1;
	classes = {
	};
	objectVersion = 56;
	objects = {

/* Begin PBXBuildFile section */
		A024877C2D418B42009C9C67 /* LetGoApp.swift in Sources */ = {isa = PBXBuildFile; fileRef = A024877B2D418B42009C9C67 /* LetGoApp.swift */; };
		A024877E2D418B42009C9C67 /* ContentView.swift in Sources */ = {isa = PBXBuildFile; fileRef = A024877D2D418B42009C9C67 /* ContentView.swift */; };
		A02487802D418B43009C9C67 /* Assets.xcassets in Resources */ = {isa = PBXBuildFile; fileRef = A024877F2D418B43009C9C67 /* Assets.xcassets */; };
		A02487832D418B43009C9C67 /* Preview Assets.xcassets in Resources */ = {isa = PBXBuildFile; fileRef = A02487822D418B43009C9C67 /* Preview Assets.xcassets */; };
		A024878C2D418E34009C9C67 /* LetThemIView.swift in Sources */ = {isa = PBXBuildFile; fileRef = A024878B2D418E34009C9C67 /* LetThemIView.swift */; };
		A02487922D41901F009C9C67 /* ProgressIView.swift in Sources */ = {isa = PBXBuildFile; fileRef = A02487912D41901F009C9C67 /* ProgressIView.swift */; };
		A02487942D419150009C9C67 /* SettingsView.swift in Sources */ = {isa = PBXBuildFile; fileRef = A02487932D419150009C9C67 /* SettingsView.swift */; };
		A05803BD2D4C069D00B6DD90 /* LandingView.swift in Sources */ = {isa = PBXBuildFile; fileRef = A05803BC2D4C069D00B6DD90 /* LandingView.swift */; };
		A05803BF2D4C073A00B6DD90 /* ParticleEffectView.swift in Sources */ = {isa = PBXBuildFile; fileRef = A05803BE2D4C073A00B6DD90 /* ParticleEffectView.swift */; };
		A05803C12D4C076900B6DD90 /* MainTabView.swift in Sources */ = {isa = PBXBuildFile; fileRef = A05803C02D4C076900B6DD90 /* MainTabView.swift */; };
		A05803C42D4C1A9800B6DD90 /* SoundManager.swift in Sources */ = {isa = PBXBuildFile; fileRef = A05803C32D4C1A9800B6DD90 /* SoundManager.swift */; };
		A05803C72D4C1C2B00B6DD90 /* GlassmorphicBackground.swift in Sources */ = {isa = PBXBuildFile; fileRef = A05803C62D4C1C2B00B6DD90 /* GlassmorphicBackground.swift */; };
		A05803C92D4C1D9800B6DD90 /* GradientColors.swift in Sources */ = {isa = PBXBuildFile; fileRef = A05803C82D4C1D9800B6DD90 /* GradientColors.swift */; };
		A05803CB2D4C29FD00B6DD90 /*  HapticManager.swift in Sources */ = {isa = PBXBuildFile; fileRef = A05803CA2D4C29FD00B6DD90 /*  HapticManager.swift */; };
		A05803CF2D4C2D6800B6DD90 /* BlurView.swift in Sources */ = {isa = PBXBuildFile; fileRef = A05803CE2D4C2D6800B6DD90 /* BlurView.swift */; };
		A05803D12D4C2DD600B6DD90 /* LoadingView.swift in Sources */ = {isa = PBXBuildFile; fileRef = A05803D02D4C2DD600B6DD90 /* LoadingView.swift */; };
		A0C529F72D42F7780048CA9F /* AcceptanceDetachmentView.swift in Sources */ = {isa = PBXBuildFile; fileRef = A0C529F62D42F7780048CA9F /* AcceptanceDetachmentView.swift */; };
		A0C529F92D42FB260048CA9F /* LetMeView.swift in Sources */ = {isa = PBXBuildFile; fileRef = A0C529F82D42FB260048CA9F /* LetMeView.swift */; };
		A0C529FC2D42FC8A0048CA9F /* TappingPoint.swift in Sources */ = {isa = PBXBuildFile; fileRef = A0C529FB2D42FC8A0048CA9F /* TappingPoint.swift */; };
		A0C529FE2D42FCCE0048CA9F /* TappingSessionView.swift in Sources */ = {isa = PBXBuildFile; fileRef = A0C529FD2D42FCCE0048CA9F /* TappingSessionView.swift */; };
		A0DD61C82D6E61E6004DA29A /* AffirmationAPI.swift in Sources */ = {isa = PBXBuildFile; fileRef = A0DD61C72D6E61E6004DA29A /* AffirmationAPI.swift */; };
		A0E3A8532D5C1610007DBC47 /* MovingCircle.swift in Sources */ = {isa = PBXBuildFile; fileRef = A0E3A8522D5C1610007DBC47 /* MovingCircle.swift */; };
/* End PBXBuildFile section */

/* Begin PBXFileReference section */
		A02487782D418B42009C9C67 /* LetGo.app */ = {isa = PBXFileReference; explicitFileType = wrapper.application; includeInIndex = 0; path = LetGo.app; sourceTree = BUILT_PRODUCTS_DIR; };
		A024877B2D418B42009C9C67 /* LetGoApp.swift */ = {isa = PBXFileReference; lastKnownFileType = sourcecode.swift; path = LetGoApp.swift; sourceTree = "<group>"; };
		A024877D2D418B42009C9C67 /* ContentView.swift */ = {isa = PBXFileReference; lastKnownFileType = sourcecode.swift; path = ContentView.swift; sourceTree = "<group>"; };
		A024877F2D418B43009C9C67 /* Assets.xcassets */ = {isa = PBXFileReference; lastKnownFileType = folder.assetcatalog; path = Assets.xcassets; sourceTree = "<group>"; };
		A02487822D418B43009C9C67 /* Preview Assets.xcassets */ = {isa = PBXFileReference; lastKnownFileType = folder.assetcatalog; path = "Preview Assets.xcassets"; sourceTree = "<group>"; };
		A024878B2D418E34009C9C67 /* LetThemIView.swift */ = {isa = PBXFileReference; lastKnownFileType = sourcecode.swift; path = LetThemIView.swift; sourceTree = "<group>"; };
		A02487912D41901F009C9C67 /* ProgressIView.swift */ = {isa = PBXFileReference; lastKnownFileType = sourcecode.swift; path = ProgressIView.swift; sourceTree = "<group>"; };
		A02487932D419150009C9C67 /* SettingsView.swift */ = {isa = PBXFileReference; lastKnownFileType = sourcecode.swift; path = SettingsView.swift; sourceTree = "<group>"; };
		A05803BC2D4C069D00B6DD90 /* LandingView.swift */ = {isa = PBXFileReference; lastKnownFileType = sourcecode.swift; path = LandingView.swift; sourceTree = "<group>"; };
		A05803BE2D4C073A00B6DD90 /* ParticleEffectView.swift */ = {isa = PBXFileReference; lastKnownFileType = sourcecode.swift; path = ParticleEffectView.swift; sourceTree = "<group>"; };
		A05803C02D4C076900B6DD90 /* MainTabView.swift */ = {isa = PBXFileReference; lastKnownFileType = sourcecode.swift; path = MainTabView.swift; sourceTree = "<group>"; };
		A05803C32D4C1A9800B6DD90 /* SoundManager.swift */ = {isa = PBXFileReference; lastKnownFileType = sourcecode.swift; path = SoundManager.swift; sourceTree = "<group>"; };
		A05803C62D4C1C2B00B6DD90 /* GlassmorphicBackground.swift */ = {isa = PBXFileReference; lastKnownFileType = sourcecode.swift; path = GlassmorphicBackground.swift; sourceTree = "<group>"; };
		A05803C82D4C1D9800B6DD90 /* GradientColors.swift */ = {isa = PBXFileReference; lastKnownFileType = sourcecode.swift; path = GradientColors.swift; sourceTree = "<group>"; };
		A05803CA2D4C29FD00B6DD90 /*  HapticManager.swift */ = {isa = PBXFileReference; lastKnownFileType = sourcecode.swift; path = " HapticManager.swift"; sourceTree = "<group>"; };
		A05803CE2D4C2D6800B6DD90 /* BlurView.swift */ = {isa = PBXFileReference; lastKnownFileType = sourcecode.swift; path = BlurView.swift; sourceTree = "<group>"; };
		A05803D02D4C2DD600B6DD90 /* LoadingView.swift */ = {isa = PBXFileReference; lastKnownFileType = sourcecode.swift; path = LoadingView.swift; sourceTree = "<group>"; };
		A0C529F62D42F7780048CA9F /* AcceptanceDetachmentView.swift */ = {isa = PBXFileReference; lastKnownFileType = sourcecode.swift; path = AcceptanceDetachmentView.swift; sourceTree = "<group>"; };
		A0C529F82D42FB260048CA9F /* LetMeView.swift */ = {isa = PBXFileReference; lastKnownFileType = sourcecode.swift; path = LetMeView.swift; sourceTree = "<group>"; };
		A0C529FB2D42FC8A0048CA9F /* TappingPoint.swift */ = {isa = PBXFileReference; lastKnownFileType = sourcecode.swift; path = TappingPoint.swift; sourceTree = "<group>"; };
		A0C529FD2D42FCCE0048CA9F /* TappingSessionView.swift */ = {isa = PBXFileReference; lastKnownFileType = sourcecode.swift; path = TappingSessionView.swift; sourceTree = "<group>"; };
		A0DD61C72D6E61E6004DA29A /* AffirmationAPI.swift */ = {isa = PBXFileReference; lastKnownFileType = sourcecode.swift; path = AffirmationAPI.swift; sourceTree = "<group>"; };
		A0E3A8522D5C1610007DBC47 /* MovingCircle.swift */ = {isa = PBXFileReference; lastKnownFileType = sourcecode.swift; path = MovingCircle.swift; sourceTree = "<group>"; };
/* End PBXFileReference section */

/* Begin PBXFrameworksBuildPhase section */
		A02487752D418B42009C9C67 /* Frameworks */ = {
			isa = PBXFrameworksBuildPhase;
			buildActionMask = 2147483647;
			files = (
			);
			runOnlyForDeploymentPostprocessing = 0;
		};
/* End PBXFrameworksBuildPhase section */

/* Begin PBXGroup section */
		A024876F2D418B42009C9C67 = {
			isa = PBXGroup;
			children = (
				A024877A2D418B42009C9C67 /* LetGo */,
				A02487792D418B42009C9C67 /* Products */,
			);
			sourceTree = "<group>";
		};
		A02487792D418B42009C9C67 /* Products */ = {
			isa = PBXGroup;
			children = (
				A02487782D418B42009C9C67 /* LetGo.app */,
			);
			name = Products;
			sourceTree = "<group>";
		};
		A024877A2D418B42009C9C67 /* LetGo */ = {
			isa = PBXGroup;
			children = (
				A0C529FA2D42FC680048CA9F /* Tapping */,
				A024877B2D418B42009C9C67 /* LetGoApp.swift */,
				A05803C52D4C1BFF00B6DD90 /* MainTab */,
				A05803BE2D4C073A00B6DD90 /* ParticleEffectView.swift */,
				A05803C22D4C1A6A00B6DD90 /* Landing */,
				A0C529F62D42F7780048CA9F /* AcceptanceDetachmentView.swift */,
				A0DD61C72D6E61E6004DA29A /* AffirmationAPI.swift */,
				A024877D2D418B42009C9C67 /* ContentView.swift */,
				A024877F2D418B43009C9C67 /* Assets.xcassets */,
				A02487812D418B43009C9C67 /* Preview Content */,
				A024878B2D418E34009C9C67 /* LetThemIView.swift */,
				A02487912D41901F009C9C67 /* ProgressIView.swift */,
				A02487932D419150009C9C67 /* SettingsView.swift */,
				A0C529F82D42FB260048CA9F /* LetMeView.swift */,
				A0E3A8522D5C1610007DBC47 /* MovingCircle.swift */,
			);
			path = LetGo;
			sourceTree = "<group>";
		};
		A02487812D418B43009C9C67 /* Preview Content */ = {
			isa = PBXGroup;
			children = (
				A02487822D418B43009C9C67 /* Preview Assets.xcassets */,
			);
			path = "Preview Content";
			sourceTree = "<group>";
		};
		A05803C22D4C1A6A00B6DD90 /* Landing */ = {
			isa = PBXGroup;
			children = (
				A05803BC2D4C069D00B6DD90 /* LandingView.swift */,
				A05803CA2D4C29FD00B6DD90 /*  HapticManager.swift */,
				A05803C32D4C1A9800B6DD90 /* SoundManager.swift */,
			);
			path = Landing;
			sourceTree = "<group>";
		};
		A05803C52D4C1BFF00B6DD90 /* MainTab */ = {
			isa = PBXGroup;
			children = (
				A05803C02D4C076900B6DD90 /* MainTabView.swift */,
				A05803C62D4C1C2B00B6DD90 /* GlassmorphicBackground.swift */,
				A05803C82D4C1D9800B6DD90 /* GradientColors.swift */,
				A05803CE2D4C2D6800B6DD90 /* BlurView.swift */,
				A05803D02D4C2DD600B6DD90 /* LoadingView.swift */,
			);
			path = MainTab;
			sourceTree = "<group>";
		};
		A0C529FA2D42FC680048CA9F /* Tapping */ = {
			isa = PBXGroup;
			children = (
				A0C529FB2D42FC8A0048CA9F /* TappingPoint.swift */,
				A0C529FD2D42FCCE0048CA9F /* TappingSessionView.swift */,
			);
			path = Tapping;
			sourceTree = "<group>";
		};
/* End PBXGroup section */

/* Begin PBXNativeTarget section */
		A02487772D418B42009C9C67 /* LetGo */ = {
			isa = PBXNativeTarget;
			buildConfigurationList = A02487862D418B43009C9C67 /* Build configuration list for PBXNativeTarget "LetGo" */;
			buildPhases = (
				A02487742D418B42009C9C67 /* Sources */,
				A02487752D418B42009C9C67 /* Frameworks */,
				A02487762D418B42009C9C67 /* Resources */,
			);
			buildRules = (
			);
			dependencies = (
			);
			name = LetGo;
			productName = LetGo;
			productReference = A02487782D418B42009C9C67 /* LetGo.app */;
			productType = "com.apple.product-type.application";
		};
/* End PBXNativeTarget section */

/* Begin PBXProject section */
		A02487702D418B42009C9C67 /* Project object */ = {
			isa = PBXProject;
			attributes = {
				BuildIndependentTargetsInParallel = 1;
				LastSwiftUpdateCheck = 1530;
				LastUpgradeCheck = 1530;
				TargetAttributes = {
					A02487772D418B42009C9C67 = {
						CreatedOnToolsVersion = 15.3;
					};
				};
			};
			buildConfigurationList = A02487732D418B42009C9C67 /* Build configuration list for PBXProject "LetGo" */;
			compatibilityVersion = "Xcode 14.0";
			developmentRegion = en;
			hasScannedForEncodings = 0;
			knownRegions = (
				en,
				Base,
			);
			mainGroup = A024876F2D418B42009C9C67;
			productRefGroup = A02487792D418B42009C9C67 /* Products */;
			projectDirPath = "";
			projectRoot = "";
			targets = (
				A02487772D418B42009C9C67 /* LetGo */,
			);
		};
/* End PBXProject section */

/* Begin PBXResourcesBuildPhase section */
		A02487762D418B42009C9C67 /* Resources */ = {
			isa = PBXResourcesBuildPhase;
			buildActionMask = 2147483647;
			files = (
				A02487832D418B43009C9C67 /* Preview Assets.xcassets in Resources */,
				A02487802D418B43009C9C67 /* Assets.xcassets in Resources */,
			);
			runOnlyForDeploymentPostprocessing = 0;
		};
/* End PBXResourcesBuildPhase section */

/* Begin PBXSourcesBuildPhase section */
		A02487742D418B42009C9C67 /* Sources */ = {
			isa = PBXSourcesBuildPhase;
			buildActionMask = 2147483647;
			files = (
				A05803BD2D4C069D00B6DD90 /* LandingView.swift in Sources */,
				A02487942D419150009C9C67 /* SettingsView.swift in Sources */,
				A024878C2D418E34009C9C67 /* LetThemIView.swift in Sources */,
				A05803C72D4C1C2B00B6DD90 /* GlassmorphicBackground.swift in Sources */,
				A05803C92D4C1D9800B6DD90 /* GradientColors.swift in Sources */,
				A05803D12D4C2DD600B6DD90 /* LoadingView.swift in Sources */,
				A0C529F72D42F7780048CA9F /* AcceptanceDetachmentView.swift in Sources */,
				A02487922D41901F009C9C67 /* ProgressIView.swift in Sources */,
				A0C529FE2D42FCCE0048CA9F /* TappingSessionView.swift in Sources */,
				A024877E2D418B42009C9C67 /* ContentView.swift in Sources */,
				A0C529FC2D42FC8A0048CA9F /* TappingPoint.swift in Sources */,
				A0C529F92D42FB260048CA9F /* LetMeView.swift in Sources */,
				A0DD61C82D6E61E6004DA29A /* AffirmationAPI.swift in Sources */,
				A0E3A8532D5C1610007DBC47 /* MovingCircle.swift in Sources */,
				A05803BF2D4C073A00B6DD90 /* ParticleEffectView.swift in Sources */,
				A05803CB2D4C29FD00B6DD90 /*  HapticManager.swift in Sources */,
				A05803C12D4C076900B6DD90 /* MainTabView.swift in Sources */,
				A024877C2D418B42009C9C67 /* LetGoApp.swift in Sources */,
				A05803CF2D4C2D6800B6DD90 /* BlurView.swift in Sources */,
				A05803C42D4C1A9800B6DD90 /* SoundManager.swift in Sources */,
			);
			runOnlyForDeploymentPostprocessing = 0;
		};
/* End PBXSourcesBuildPhase section */

/* Begin XCBuildConfiguration section */
		A02487842D418B43009C9C67 /* Debug */ = {
			isa = XCBuildConfiguration;
			buildSettings = {
				ALWAYS_SEARCH_USER_PATHS = NO;
				ASSETCATALOG_COMPILER_GENERATE_SWIFT_ASSET_SYMBOL_EXTENSIONS = YES;
				CLANG_ANALYZER_NONNULL = YES;
				CLANG_ANALYZER_NUMBER_OBJECT_CONVERSION = YES_AGGRESSIVE;
				CLANG_CXX_LANGUAGE_STANDARD = "gnu++20";
				CLANG_ENABLE_MODULES = YES;
				CLANG_ENABLE_OBJC_ARC = YES;
				CLANG_ENABLE_OBJC_WEAK = YES;
				CLANG_WARN_BLOCK_CAPTURE_AUTORELEASING = YES;
				CLANG_WARN_BOOL_CONVERSION = YES;
				CLANG_WARN_COMMA = YES;
				CLANG_WARN_CONSTANT_CONVERSION = YES;
				CLANG_WARN_DEPRECATED_OBJC_IMPLEMENTATIONS = YES;
				CLANG_WARN_DIRECT_OBJC_ISA_USAGE = YES_ERROR;
				CLANG_WARN_DOCUMENTATION_COMMENTS = YES;
				CLANG_WARN_EMPTY_BODY = YES;
				CLANG_WARN_ENUM_CONVERSION = YES;
				CLANG_WARN_INFINITE_RECURSION = YES;
				CLANG_WARN_INT_CONVERSION = YES;
				CLANG_WARN_NON_LITERAL_NULL_CONVERSION = YES;
				CLANG_WARN_OBJC_IMPLICIT_RETAIN_SELF = YES;
				CLANG_WARN_OBJC_LITERAL_CONVERSION = YES;
				CLANG_WARN_OBJC_ROOT_CLASS = YES_ERROR;
				CLANG_WARN_QUOTED_INCLUDE_IN_FRAMEWORK_HEADER = YES;
				CLANG_WARN_RANGE_LOOP_ANALYSIS = YES;
				CLANG_WARN_STRICT_PROTOTYPES = YES;
				CLANG_WARN_SUSPICIOUS_MOVE = YES;
				CLANG_WARN_UNGUARDED_AVAILABILITY = YES_AGGRESSIVE;
				CLANG_WARN_UNREACHABLE_CODE = YES;
				CLANG_WARN__DUPLICATE_METHOD_MATCH = YES;
				COPY_PHASE_STRIP = NO;
				DEBUG_INFORMATION_FORMAT = dwarf;
				ENABLE_STRICT_OBJC_MSGSEND = YES;
				ENABLE_TESTABILITY = YES;
				ENABLE_USER_SCRIPT_SANDBOXING = YES;
				GCC_C_LANGUAGE_STANDARD = gnu17;
				GCC_DYNAMIC_NO_PIC = NO;
				GCC_NO_COMMON_BLOCKS = YES;
				GCC_OPTIMIZATION_LEVEL = 0;
				GCC_PREPROCESSOR_DEFINITIONS = (
					"DEBUG=1",
					"$(inherited)",
				);
				GCC_WARN_64_TO_32_BIT_CONVERSION = YES;
				GCC_WARN_ABOUT_RETURN_TYPE = YES_ERROR;
				GCC_WARN_UNDECLARED_SELECTOR = YES;
				GCC_WARN_UNINITIALIZED_AUTOS = YES_AGGRESSIVE;
				GCC_WARN_UNUSED_FUNCTION = YES;
				GCC_WARN_UNUSED_VARIABLE = YES;
				IPHONEOS_DEPLOYMENT_TARGET = 17.4;
				LOCALIZATION_PREFERS_STRING_CATALOGS = YES;
				MTL_ENABLE_DEBUG_INFO = INCLUDE_SOURCE;
				MTL_FAST_MATH = YES;
				ONLY_ACTIVE_ARCH = YES;
				SDKROOT = iphoneos;
				SWIFT_ACTIVE_COMPILATION_CONDITIONS = "DEBUG $(inherited)";
				SWIFT_OPTIMIZATION_LEVEL = "-Onone";
			};
			name = Debug;
		};
		A02487852D418B43009C9C67 /* Release */ = {
			isa = XCBuildConfiguration;
			buildSettings = {
				ALWAYS_SEARCH_USER_PATHS = NO;
				ASSETCATALOG_COMPILER_GENERATE_SWIFT_ASSET_SYMBOL_EXTENSIONS = YES;
				CLANG_ANALYZER_NONNULL = YES;
				CLANG_ANALYZER_NUMBER_OBJECT_CONVERSION = YES_AGGRESSIVE;
				CLANG_CXX_LANGUAGE_STANDARD = "gnu++20";
				CLANG_ENABLE_MODULES = YES;
				CLANG_ENABLE_OBJC_ARC = YES;
				CLANG_ENABLE_OBJC_WEAK = YES;
				CLANG_WARN_BLOCK_CAPTURE_AUTORELEASING = YES;
				CLANG_WARN_BOOL_CONVERSION = YES;
				CLANG_WARN_COMMA = YES;
				CLANG_WARN_CONSTANT_CONVERSION = YES;
				CLANG_WARN_DEPRECATED_OBJC_IMPLEMENTATIONS = YES;
				CLANG_WARN_DIRECT_OBJC_ISA_USAGE = YES_ERROR;
				CLANG_WARN_DOCUMENTATION_COMMENTS = YES;
				CLANG_WARN_EMPTY_BODY = YES;
				CLANG_WARN_ENUM_CONVERSION = YES;
				CLANG_WARN_INFINITE_RECURSION = YES;
				CLANG_WARN_INT_CONVERSION = YES;
				CLANG_WARN_NON_LITERAL_NULL_CONVERSION = YES;
				CLANG_WARN_OBJC_IMPLICIT_RETAIN_SELF = YES;
				CLANG_WARN_OBJC_LITERAL_CONVERSION = YES;
				CLANG_WARN_OBJC_ROOT_CLASS = YES_ERROR;
				CLANG_WARN_QUOTED_INCLUDE_IN_FRAMEWORK_HEADER = YES;
				CLANG_WARN_RANGE_LOOP_ANALYSIS = YES;
				CLANG_WARN_STRICT_PROTOTYPES = YES;
				CLANG_WARN_SUSPICIOUS_MOVE = YES;
				CLANG_WARN_UNGUARDED_AVAILABILITY = YES_AGGRESSIVE;
				CLANG_WARN_UNREACHABLE_CODE = YES;
				CLANG_WARN__DUPLICATE_METHOD_MATCH = YES;
				COPY_PHASE_STRIP = NO;
				DEBUG_INFORMATION_FORMAT = "dwarf-with-dsym";
				ENABLE_NS_ASSERTIONS = NO;
				ENABLE_STRICT_OBJC_MSGSEND = YES;
				ENABLE_USER_SCRIPT_SANDBOXING = YES;
				GCC_C_LANGUAGE_STANDARD = gnu17;
				GCC_NO_COMMON_BLOCKS = YES;
				GCC_WARN_64_TO_32_BIT_CONVERSION = YES;
				GCC_WARN_ABOUT_RETURN_TYPE = YES_ERROR;
				GCC_WARN_UNDECLARED_SELECTOR = YES;
				GCC_WARN_UNINITIALIZED_AUTOS = YES_AGGRESSIVE;
				GCC_WARN_UNUSED_FUNCTION = YES;
				GCC_WARN_UNUSED_VARIABLE = YES;
				IPHONEOS_DEPLOYMENT_TARGET = 17.4;
				LOCALIZATION_PREFERS_STRING_CATALOGS = YES;
				MTL_ENABLE_DEBUG_INFO = NO;
				MTL_FAST_MATH = YES;
				SDKROOT = iphoneos;
				SWIFT_COMPILATION_MODE = wholemodule;
				VALIDATE_PRODUCT = YES;
			};
			name = Release;
		};
		A02487872D418B43009C9C67 /* Debug */ = {
			isa = XCBuildConfiguration;
			buildSettings = {
				ASSETCATALOG_COMPILER_APPICON_NAME = AppIcon;
				ASSETCATALOG_COMPILER_GLOBAL_ACCENT_COLOR_NAME = AccentColor;
				CODE_SIGN_STYLE = Automatic;
				CURRENT_PROJECT_VERSION = 1;
				DEVELOPMENT_ASSET_PATHS = "\"LetGo/Preview Content\"";
				DEVELOPMENT_TEAM = 58Q543QXGB;
				ENABLE_PREVIEWS = YES;
				GENERATE_INFOPLIST_FILE = YES;
				INFOPLIST_KEY_UIApplicationSceneManifest_Generation = YES;
				INFOPLIST_KEY_UIApplicationSupportsIndirectInputEvents = YES;
				INFOPLIST_KEY_UILaunchScreen_Generation = YES;
				INFOPLIST_KEY_UISupportedInterfaceOrientations_iPad = "UIInterfaceOrientationPortrait UIInterfaceOrientationPortraitUpsideDown UIInterfaceOrientationLandscapeLeft UIInterfaceOrientationLandscapeRight";
				INFOPLIST_KEY_UISupportedInterfaceOrientations_iPhone = "UIInterfaceOrientationPortrait UIInterfaceOrientationLandscapeLeft UIInterfaceOrientationLandscapeRight";
				LD_RUNPATH_SEARCH_PATHS = (
					"$(inherited)",
					"@executable_path/Frameworks",
				);
				MARKETING_VERSION = 1.0;
				PRODUCT_BUNDLE_IDENTIFIER = "tora.buke-gmail.com.LetGo";
				PRODUCT_NAME = "$(TARGET_NAME)";
				SWIFT_EMIT_LOC_STRINGS = YES;
				SWIFT_VERSION = 5.0;
				TARGETED_DEVICE_FAMILY = "1,2";
			};
			name = Debug;
		};
		A02487882D418B43009C9C67 /* Release */ = {
			isa = XCBuildConfiguration;
			buildSettings = {
				ASSETCATALOG_COMPILER_APPICON_NAME = AppIcon;
				ASSETCATALOG_COMPILER_GLOBAL_ACCENT_COLOR_NAME = AccentColor;
				CODE_SIGN_STYLE = Automatic;
				CURRENT_PROJECT_VERSION = 1;
				DEVELOPMENT_ASSET_PATHS = "\"LetGo/Preview Content\"";
				DEVELOPMENT_TEAM = 58Q543QXGB;
				ENABLE_PREVIEWS = YES;
				GENERATE_INFOPLIST_FILE = YES;
				INFOPLIST_KEY_UIApplicationSceneManifest_Generation = YES;
				INFOPLIST_KEY_UIApplicationSupportsIndirectInputEvents = YES;
				INFOPLIST_KEY_UILaunchScreen_Generation = YES;
				INFOPLIST_KEY_UISupportedInterfaceOrientations_iPad = "UIInterfaceOrientationPortrait UIInterfaceOrientationPortraitUpsideDown UIInterfaceOrientationLandscapeLeft UIInterfaceOrientationLandscapeRight";
				INFOPLIST_KEY_UISupportedInterfaceOrientations_iPhone = "UIInterfaceOrientationPortrait UIInterfaceOrientationLandscapeLeft UIInterfaceOrientationLandscapeRight";
				LD_RUNPATH_SEARCH_PATHS = (
					"$(inherited)",
					"@executable_path/Frameworks",
				);
				MARKETING_VERSION = 1.0;
				PRODUCT_BUNDLE_IDENTIFIER = "tora.buke-gmail.com.LetGo";
				PRODUCT_NAME = "$(TARGET_NAME)";
				SWIFT_EMIT_LOC_STRINGS = YES;
				SWIFT_VERSION = 5.0;
				TARGETED_DEVICE_FAMILY = "1,2";
			};
			name = Release;
		};
/* End XCBuildConfiguration section */

/* Begin XCConfigurationList section */
		A02487732D418B42009C9C67 /* Build configuration list for PBXProject "LetGo" */ = {
			isa = XCConfigurationList;
			buildConfigurations = (
				A02487842D418B43009C9C67 /* Debug */,
				A02487852D418B43009C9C67 /* Release */,
			);
			defaultConfigurationIsVisible = 0;
			defaultConfigurationName = Release;
		};
		A02487862D418B43009C9C67 /* Build configuration list for PBXNativeTarget "LetGo" */ = {
			isa = XCConfigurationList;
			buildConfigurations = (
				A02487872D418B43009C9C67 /* Debug */,
				A02487882D418B43009C9C67 /* Release */,
			);
			defaultConfigurationIsVisible = 0;
			defaultConfigurationName = Release;
		};
/* End XCConfigurationList section */
	};
	rootObject = A02487702D418B42009C9C67 /* Project object */;
}
